<?xml version="1.0" encoding="UTF-8"?>
<Scheme
   version = "1.3">
   <BuildAction>
      <BuildActionEntries>
         <BuildActionEntry
            buildForRunning = "YES">
            <BuildableReference
               BuildableIdentifier = "primary"
               BlueprintIdentifier = "FA03D1ED208F482200F7B0F2"
               BuildableName = "CloudMusicFake.app"
               BlueprintName = "CloudMusicFake"
               ReferencedContainer = "container:CloudMusicFake.xcodeproj">
            </BuildableReference>
         </BuildActionEntry>
      </BuildActionEntries>
   </BuildAction>
   <LaunchAction
      useCustomWorkingDirectory = "NO"
      buildConfiguration = "Debug">
      <BuildableProductRunnable>
         <BuildableReference
            BuildableIdentifier = "primary"
            BlueprintIdentifier = "FA03D1ED208F482200F7B0F2"
            BuildableName = "CloudMusicFake.app"
            BlueprintName = "CloudMusicFake"
            ReferencedContainer = "container:CloudMusicFake.xcodeproj">
         </BuildableReference>
      </BuildableProductRunnable>
   </LaunchAction>
</Scheme>
