// !$*UTF8*$!
{
	archiveVersion = 1;
	classes = {
	};
	objectVersion = 48;
	objects = {

/* Begin PBXBuildFile section */
		34EE033EF9513D870EDA9BEE /* libPods-CloudMusicFake.a in Frameworks */ = {isa = PBXBuildFile; fileRef = 3D4323AF5BEF10AF3F4966FD /* libPods-CloudMusicFake.a */; };
		C41000B8893F78346CA0310B /* OneCell.m in Sources */ = {isa = PBXBuildFile; fileRef = C41006FEB2C942AC45FCC469 /* OneCell.m */; };
		C410013AF8F7300F65A275CB /* HoldingViewController.m in Sources */ = {isa = PBXBuildFile; fileRef = C41009B47116B960C5C9E1E3 /* HoldingViewController.m */; };
		C41001AD6B169DF8C3937458 /* MyCollectionViewController.m in Sources */ = {isa = PBXBuildFile; fileRef = C4100553EAD66B9436A9FF7A /* MyCollectionViewController.m */; };
		C41001DE933C8BE9FD75F8F5 /* MyMusicViewController.m in Sources */ = {isa = PBXBuildFile; fileRef = C4100CB5A102263867AC3DAC /* MyMusicViewController.m */; };
		C4100216F0BE2F345292636C /* PersonalViewController.m in Sources */ = {isa = PBXBuildFile; fileRef = C41000DF5ED34B0FB883A5AA /* PersonalViewController.m */; };
		C41004077B30FAC958A273D3 /* LoginViewController.m in Sources */ = {isa = PBXBuildFile; fileRef = C41009A9D2CC973B5E972134 /* LoginViewController.m */; };
		C41005D1D24DD4D19FA63250 /* EditViewController.m in Sources */ = {isa = PBXBuildFile; fileRef = C41005A4C5C594EDCA406E12 /* EditViewController.m */; };
		C4100662CF60B6D1CF6B02A0 /* MusicRecommendViewController.xib in Resources */ = {isa = PBXBuildFile; fileRef = C41006F60E79B43E15FAA368 /* MusicRecommendViewController.xib */; };
		C4100AE3A943DD50050B831F /* HeadpicCellOfPersonalView.m in Sources */ = {isa = PBXBuildFile; fileRef = C4100ECBFC6895E0D718A052 /* HeadpicCellOfPersonalView.m */; };
		C4100AF95F34014304254149 /* LogOrSignViewController.m in Sources */ = {isa = PBXBuildFile; fileRef = C410043791F6827847F8EE1A /* LogOrSignViewController.m */; };
		C4100B4BEE5F0725F1226A41 /* NicknameCellOfPersonalView.m in Sources */ = {isa = PBXBuildFile; fileRef = C4100AF65361DF5690BE9995 /* NicknameCellOfPersonalView.m */; };
		C4100C6CB0BCED3CF70E9344 /* MusicRecommendViewController.m in Sources */ = {isa = PBXBuildFile; fileRef = C41009E48FE3EC446AB2CBB2 /* MusicRecommendViewController.m */; };
		C4100CC01A5B5118F271FE26 /* MusicPlayViewController.m in Sources */ = {isa = PBXBuildFile; fileRef = C4100421483E096AF349C3E8 /* MusicPlayViewController.m */; };
		C4100D57425D86F65C948BFB /* AppDelegate.m in Sources */ = {isa = PBXBuildFile; fileRef = C41003938129D8A60AE2F69C /* AppDelegate.m */; };
		C4100DB6E64098D27526F8B1 /* SignUpViewController.m in Sources */ = {isa = PBXBuildFile; fileRef = C4100A94BB15907316313813 /* SignUpViewController.m */; };
		C4100E5C8A4A6AF2D8A74546 /* MusicPlayViewController.xib in Resources */ = {isa = PBXBuildFile; fileRef = C410008A9F012A803F6E4894 /* MusicPlayViewController.xib */; };
		C4100F3E6A7E0132F324F497 /* MusicCellOfMyCollectionView.m in Sources */ = {isa = PBXBuildFile; fileRef = C4100F55C8E640C0821B8B61 /* MusicCellOfMyCollectionView.m */; };
		FA03D1F6208F482300F7B0F2 /* ViewController.m in Sources */ = {isa = PBXBuildFile; fileRef = FA03D1F5208F482300F7B0F2 /* ViewController.m */; };
		FA03D1F9208F482300F7B0F2 /* Main.storyboard in Resources */ = {isa = PBXBuildFile; fileRef = FA03D1F7208F482300F7B0F2 /* Main.storyboard */; };
		FA03D1FC208F482300F7B0F2 /* CloudMusicFake.xcdatamodeld in Sources */ = {isa = PBXBuildFile; fileRef = FA03D1FA208F482300F7B0F2 /* CloudMusicFake.xcdatamodeld */; };
		FA03D1FE208F482300F7B0F2 /* Assets.xcassets in Resources */ = {isa = PBXBuildFile; fileRef = FA03D1FD208F482300F7B0F2 /* Assets.xcassets */; };
		FA03D201208F482300F7B0F2 /* LaunchScreen.storyboard in Resources */ = {isa = PBXBuildFile; fileRef = FA03D1FF208F482300F7B0F2 /* LaunchScreen.storyboard */; };
		FA03D204208F482300F7B0F2 /* main.m in Sources */ = {isa = PBXBuildFile; fileRef = FA03D203208F482300F7B0F2 /* main.m */; };
		FA03D20E208F482300F7B0F2 /* CloudMusicFakeTests.m in Sources */ = {isa = PBXBuildFile; fileRef = FA03D20D208F482300F7B0F2 /* CloudMusicFakeTests.m */; };
		FA03D219208F482300F7B0F2 /* CloudMusicFakeUITests.m in Sources */ = {isa = PBXBuildFile; fileRef = FA03D218208F482300F7B0F2 /* CloudMusicFakeUITests.m */; };
		FA5D5BCA20A7D6AB00CABDB4 /* HoldingViewController.xib in Resources */ = {isa = PBXBuildFile; fileRef = FA5D5BC820A7D6AB00CABDB4 /* HoldingViewController.xib */; };
/* End PBXBuildFile section */

/* Begin PBXContainerItemProxy section */
		FA03D20A208F482300F7B0F2 /* PBXContainerItemProxy */ = {
			isa = PBXContainerItemProxy;
			containerPortal = FA03D1E6208F482200F7B0F2 /* Project object */;
			proxyType = 1;
			remoteGlobalIDString = FA03D1ED208F482200F7B0F2;
			remoteInfo = CloudMusicFake;
		};
		FA03D215208F482300F7B0F2 /* PBXContainerItemProxy */ = {
			isa = PBXContainerItemProxy;
			containerPortal = FA03D1E6208F482200F7B0F2 /* Project object */;
			proxyType = 1;
			remoteGlobalIDString = FA03D1ED208F482200F7B0F2;
			remoteInfo = CloudMusicFake;
		};
/* End PBXContainerItemProxy section */

/* Begin PBXFileReference section */
		00D5CE7EE2D37832E62C4291 /* Pods-CloudMusicFake.debug.xcconfig */ = {isa = PBXFileReference; includeInIndex = 1; lastKnownFileType = text.xcconfig; name = "Pods-CloudMusicFake.debug.xcconfig"; path = "Pods/Target Support Files/Pods-CloudMusicFake/Pods-CloudMusicFake.debug.xcconfig"; sourceTree = "<group>"; };
		3D4323AF5BEF10AF3F4966FD /* libPods-CloudMusicFake.a */ = {isa = PBXFileReference; explicitFileType = archive.ar; includeInIndex = 0; path = "libPods-CloudMusicFake.a"; sourceTree = BUILT_PRODUCTS_DIR; };
		9751AAB9BDBC62358CE16ED5 /* Pods-CloudMusicFake.release.xcconfig */ = {isa = PBXFileReference; includeInIndex = 1; lastKnownFileType = text.xcconfig; name = "Pods-CloudMusicFake.release.xcconfig"; path = "Pods/Target Support Files/Pods-CloudMusicFake/Pods-CloudMusicFake.release.xcconfig"; sourceTree = "<group>"; };
		C410004FEC5F14604EDB2EED /* HoldingViewController.h */ = {isa = PBXFileReference; fileEncoding = 4; lastKnownFileType = sourcecode.c.h; path = HoldingViewController.h; sourceTree = "<group>"; };
		C410008A9F012A803F6E4894 /* MusicPlayViewController.xib */ = {isa = PBXFileReference; lastKnownFileType = file.xib; path = MusicPlayViewController.xib; sourceTree = "<group>"; };
		C41000DF5ED34B0FB883A5AA /* PersonalViewController.m */ = {isa = PBXFileReference; fileEncoding = 4; lastKnownFileType = sourcecode.c.objc; path = PersonalViewController.m; sourceTree = "<group>"; };
		C41001939C9788639CEBB4F9 /* AppDelegate.h */ = {isa = PBXFileReference; fileEncoding = 4; lastKnownFileType = sourcecode.c.h; path = AppDelegate.h; sourceTree = "<group>"; };
		C41003938129D8A60AE2F69C /* AppDelegate.m */ = {isa = PBXFileReference; fileEncoding = 4; lastKnownFileType = sourcecode.c.objc; path = AppDelegate.m; sourceTree = "<group>"; };
		C4100421483E096AF349C3E8 /* MusicPlayViewController.m */ = {isa = PBXFileReference; fileEncoding = 4; lastKnownFileType = sourcecode.c.objc; path = MusicPlayViewController.m; sourceTree = "<group>"; };
		C410043791F6827847F8EE1A /* LogOrSignViewController.m */ = {isa = PBXFileReference; fileEncoding = 4; lastKnownFileType = sourcecode.c.objc; path = LogOrSignViewController.m; sourceTree = "<group>"; };
		C410053D23B0946E43C82199 /* LoginViewController.h */ = {isa = PBXFileReference; fileEncoding = 4; lastKnownFileType = sourcecode.c.h; path = LoginViewController.h; sourceTree = "<group>"; };
		C4100553EAD66B9436A9FF7A /* MyCollectionViewController.m */ = {isa = PBXFileReference; fileEncoding = 4; lastKnownFileType = sourcecode.c.objc; path = MyCollectionViewController.m; sourceTree = "<group>"; };
		C41005A4C5C594EDCA406E12 /* EditViewController.m */ = {isa = PBXFileReference; fileEncoding = 4; lastKnownFileType = sourcecode.c.objc; path = EditViewController.m; sourceTree = "<group>"; };
		C41005D2B231A9FF0007050C /* NicknameCellOfPersonalView.h */ = {isa = PBXFileReference; fileEncoding = 4; lastKnownFileType = sourcecode.c.h; path = NicknameCellOfPersonalView.h; sourceTree = "<group>"; };
		C41006584426A65513E6B45E /* PersonalViewController.h */ = {isa = PBXFileReference; fileEncoding = 4; lastKnownFileType = sourcecode.c.h; path = PersonalViewController.h; sourceTree = "<group>"; };
		C41006F60E79B43E15FAA368 /* MusicRecommendViewController.xib */ = {isa = PBXFileReference; lastKnownFileType = file.xib; path = MusicRecommendViewController.xib; sourceTree = "<group>"; };
		C41006FEB2C942AC45FCC469 /* OneCell.m */ = {isa = PBXFileReference; fileEncoding = 4; lastKnownFileType = sourcecode.c.objc; path = OneCell.m; sourceTree = "<group>"; };
		C4100764B260F0E7542762C9 /* OneCell.h */ = {isa = PBXFileReference; fileEncoding = 4; lastKnownFileType = sourcecode.c.h; path = OneCell.h; sourceTree = "<group>"; };
		C41007BBC61639F46B50DB79 /* HeadpicCellOfPersonalView.h */ = {isa = PBXFileReference; fileEncoding = 4; lastKnownFileType = sourcecode.c.h; path = HeadpicCellOfPersonalView.h; sourceTree = "<group>"; };
		C410084F606A904CFA538C2C /* MusicCellOfMyCollectionView.h */ = {isa = PBXFileReference; fileEncoding = 4; lastKnownFileType = sourcecode.c.h; path = MusicCellOfMyCollectionView.h; sourceTree = "<group>"; };
		C41009A9D2CC973B5E972134 /* LoginViewController.m */ = {isa = PBXFileReference; fileEncoding = 4; lastKnownFileType = sourcecode.c.objc; path = LoginViewController.m; sourceTree = "<group>"; };
		C41009B47116B960C5C9E1E3 /* HoldingViewController.m */ = {isa = PBXFileReference; fileEncoding = 4; lastKnownFileType = sourcecode.c.objc; path = HoldingViewController.m; sourceTree = "<group>"; };
		C41009E48FE3EC446AB2CBB2 /* MusicRecommendViewController.m */ = {isa = PBXFileReference; fileEncoding = 4; lastKnownFileType = sourcecode.c.objc; path = MusicRecommendViewController.m; sourceTree = "<group>"; };
		C41009F443A30C09B1A4F4BE /* MyMusicViewController.h */ = {isa = PBXFileReference; fileEncoding = 4; lastKnownFileType = sourcecode.c.h; path = MyMusicViewController.h; sourceTree = "<group>"; };
		C4100A73ECE2B014AEC95498 /* EditViewController.h */ = {isa = PBXFileReference; fileEncoding = 4; lastKnownFileType = sourcecode.c.h; path = EditViewController.h; sourceTree = "<group>"; };
		C4100A94BB15907316313813 /* SignUpViewController.m */ = {isa = PBXFileReference; fileEncoding = 4; lastKnownFileType = sourcecode.c.objc; path = SignUpViewController.m; sourceTree = "<group>"; };
		C4100AF65361DF5690BE9995 /* NicknameCellOfPersonalView.m */ = {isa = PBXFileReference; fileEncoding = 4; lastKnownFileType = sourcecode.c.objc; path = NicknameCellOfPersonalView.m; sourceTree = "<group>"; };
		C4100B32FD3DF91C67DD02A5 /* MyCollectionViewController.h */ = {isa = PBXFileReference; fileEncoding = 4; lastKnownFileType = sourcecode.c.h; path = MyCollectionViewController.h; sourceTree = "<group>"; };
		C4100B6737CDDD90EA6D805A /* SignUpViewController.h */ = {isa = PBXFileReference; fileEncoding = 4; lastKnownFileType = sourcecode.c.h; path = SignUpViewController.h; sourceTree = "<group>"; };
		C4100B9DB40884F1B3D9F3F0 /* MusicPlayViewController.h */ = {isa = PBXFileReference; fileEncoding = 4; lastKnownFileType = sourcecode.c.h; path = MusicPlayViewController.h; sourceTree = "<group>"; };
		C4100C6EFD1FCE3A927B75C4 /* LogOrSignViewController.h */ = {isa = PBXFileReference; fileEncoding = 4; lastKnownFileType = sourcecode.c.h; path = LogOrSignViewController.h; sourceTree = "<group>"; };
		C4100CB5A102263867AC3DAC /* MyMusicViewController.m */ = {isa = PBXFileReference; fileEncoding = 4; lastKnownFileType = sourcecode.c.objc; path = MyMusicViewController.m; sourceTree = "<group>"; };
		C4100E25232EA8103B9408D6 /* MusicRecommendViewController.h */ = {isa = PBXFileReference; fileEncoding = 4; lastKnownFileType = sourcecode.c.h; path = MusicRecommendViewController.h; sourceTree = "<group>"; };
		C4100ECBFC6895E0D718A052 /* HeadpicCellOfPersonalView.m */ = {isa = PBXFileReference; fileEncoding = 4; lastKnownFileType = sourcecode.c.objc; path = HeadpicCellOfPersonalView.m; sourceTree = "<group>"; };
		C4100F55C8E640C0821B8B61 /* MusicCellOfMyCollectionView.m */ = {isa = PBXFileReference; fileEncoding = 4; lastKnownFileType = sourcecode.c.objc; path = MusicCellOfMyCollectionView.m; sourceTree = "<group>"; };
		FA03D1EE208F482200F7B0F2 /* CloudMusicFake.app */ = {isa = PBXFileReference; explicitFileType = wrapper.application; includeInIndex = 0; path = CloudMusicFake.app; sourceTree = BUILT_PRODUCTS_DIR; };
		FA03D1F4208F482300F7B0F2 /* ViewController.h */ = {isa = PBXFileReference; lastKnownFileType = sourcecode.c.h; path = ViewController.h; sourceTree = "<group>"; };
		FA03D1F5208F482300F7B0F2 /* ViewController.m */ = {isa = PBXFileReference; lastKnownFileType = sourcecode.c.objc; path = ViewController.m; sourceTree = "<group>"; };
		FA03D1F8208F482300F7B0F2 /* Base */ = {isa = PBXFileReference; lastKnownFileType = file.storyboard; name = Base; path = Base.lproj/Main.storyboard; sourceTree = "<group>"; };
		FA03D1FB208F482300F7B0F2 /* CloudMusicFake.xcdatamodel */ = {isa = PBXFileReference; lastKnownFileType = wrapper.xcdatamodel; path = CloudMusicFake.xcdatamodel; sourceTree = "<group>"; };
		FA03D1FD208F482300F7B0F2 /* Assets.xcassets */ = {isa = PBXFileReference; lastKnownFileType = folder.assetcatalog; path = Assets.xcassets; sourceTree = "<group>"; };
		FA03D200208F482300F7B0F2 /* Base */ = {isa = PBXFileReference; lastKnownFileType = file.storyboard; name = Base; path = Base.lproj/LaunchScreen.storyboard; sourceTree = "<group>"; };
		FA03D202208F482300F7B0F2 /* Info.plist */ = {isa = PBXFileReference; lastKnownFileType = text.plist.xml; path = Info.plist; sourceTree = "<group>"; };
		FA03D203208F482300F7B0F2 /* main.m */ = {isa = PBXFileReference; lastKnownFileType = sourcecode.c.objc; path = main.m; sourceTree = "<group>"; };
		FA03D209208F482300F7B0F2 /* CloudMusicFakeTests.xctest */ = {isa = PBXFileReference; explicitFileType = wrapper.cfbundle; includeInIndex = 0; path = CloudMusicFakeTests.xctest; sourceTree = BUILT_PRODUCTS_DIR; };
		FA03D20D208F482300F7B0F2 /* CloudMusicFakeTests.m */ = {isa = PBXFileReference; lastKnownFileType = sourcecode.c.objc; path = CloudMusicFakeTests.m; sourceTree = "<group>"; };
		FA03D20F208F482300F7B0F2 /* Info.plist */ = {isa = PBXFileReference; lastKnownFileType = text.plist.xml; path = Info.plist; sourceTree = "<group>"; };
		FA03D214208F482300F7B0F2 /* CloudMusicFakeUITests.xctest */ = {isa = PBXFileReference; explicitFileType = wrapper.cfbundle; includeInIndex = 0; path = CloudMusicFakeUITests.xctest; sourceTree = BUILT_PRODUCTS_DIR; };
		FA03D218208F482300F7B0F2 /* CloudMusicFakeUITests.m */ = {isa = PBXFileReference; lastKnownFileType = sourcecode.c.objc; path = CloudMusicFakeUITests.m; sourceTree = "<group>"; };
		FA03D21A208F482300F7B0F2 /* Info.plist */ = {isa = PBXFileReference; lastKnownFileType = text.plist.xml; path = Info.plist; sourceTree = "<group>"; };
		FA5D5BC820A7D6AB00CABDB4 /* HoldingViewController.xib */ = {isa = PBXFileReference; lastKnownFileType = file.xib; path = HoldingViewController.xib; sourceTree = "<group>"; };
/* End PBXFileReference section */

/* Begin PBXFrameworksBuildPhase section */
		FA03D1EB208F482200F7B0F2 /* Frameworks */ = {
			isa = PBXFrameworksBuildPhase;
			buildActionMask = 2147483647;
			files = (
				34EE033EF9513D870EDA9BEE /* libPods-CloudMusicFake.a in Frameworks */,
			);
			runOnlyForDeploymentPostprocessing = 0;
		};
		FA03D206208F482300F7B0F2 /* Frameworks */ = {
			isa = PBXFrameworksBuildPhase;
			buildActionMask = 2147483647;
			files = (
			);
			runOnlyForDeploymentPostprocessing = 0;
		};
		FA03D211208F482300F7B0F2 /* Frameworks */ = {
			isa = PBXFrameworksBuildPhase;
			buildActionMask = 2147483647;
			files = (
			);
			runOnlyForDeploymentPostprocessing = 0;
		};
/* End PBXFrameworksBuildPhase section */

/* Begin PBXGroup section */
		C410045B39B53481B9EE758C /* PlayMusic */ = {
			isa = PBXGroup;
			children = (
				C4100421483E096AF349C3E8 /* MusicPlayViewController.m */,
				C4100B9DB40884F1B3D9F3F0 /* MusicPlayViewController.h */,
				C410008A9F012A803F6E4894 /* MusicPlayViewController.xib */,
			);
			path = PlayMusic;
			sourceTree = "<group>";
		};
		C41004D440B26914AB3EB8B4 /* SignOrLogin */ = {
			isa = PBXGroup;
			children = (
				C4100A94BB15907316313813 /* SignUpViewController.m */,
				C41009A9D2CC973B5E972134 /* LoginViewController.m */,
				C410053D23B0946E43C82199 /* LoginViewController.h */,
				C410043791F6827847F8EE1A /* LogOrSignViewController.m */,
				C4100B6737CDDD90EA6D805A /* SignUpViewController.h */,
				C4100C6EFD1FCE3A927B75C4 /* LogOrSignViewController.h */,
			);
			path = SignOrLogin;
			sourceTree = "<group>";
		};
		C4100992108F5209FF0F78F3 /* Launch */ = {
			isa = PBXGroup;
			children = (
				C41001939C9788639CEBB4F9 /* AppDelegate.h */,
				C41003938129D8A60AE2F69C /* AppDelegate.m */,
				C410004FEC5F14604EDB2EED /* HoldingViewController.h */,
				C41009B47116B960C5C9E1E3 /* HoldingViewController.m */,
			);
			path = Launch;
			sourceTree = "<group>";
		};
		C4100A944759097A1ADC0F22 /* MyMusic */ = {
			isa = PBXGroup;
			children = (
				C4100F55C8E640C0821B8B61 /* MusicCellOfMyCollectionView.m */,
				C4100CB5A102263867AC3DAC /* MyMusicViewController.m */,
				C41009F443A30C09B1A4F4BE /* MyMusicViewController.h */,
				C4100553EAD66B9436A9FF7A /* MyCollectionViewController.m */,
				C4100B32FD3DF91C67DD02A5 /* MyCollectionViewController.h */,
				C410084F606A904CFA538C2C /* MusicCellOfMyCollectionView.h */,
			);
			path = MyMusic;
			sourceTree = "<group>";
		};
		C4100AD9EE2FFFAC4B4142AA /* MyAccount */ = {
			isa = PBXGroup;
			children = (
				C41000DF5ED34B0FB883A5AA /* PersonalViewController.m */,
				C41006584426A65513E6B45E /* PersonalViewController.h */,
				C4100C6306E4F562D7045E7D /* Cell */,
				C4100A73ECE2B014AEC95498 /* EditViewController.h */,
				C41005A4C5C594EDCA406E12 /* EditViewController.m */,
			);
			path = MyAccount;
			sourceTree = "<group>";
		};
		C4100C6306E4F562D7045E7D /* Cell */ = {
			isa = PBXGroup;
			children = (
				C4100764B260F0E7542762C9 /* OneCell.h */,
				C41006FEB2C942AC45FCC469 /* OneCell.m */,
				C4100ECBFC6895E0D718A052 /* HeadpicCellOfPersonalView.m */,
				C41007BBC61639F46B50DB79 /* HeadpicCellOfPersonalView.h */,
				C41005D2B231A9FF0007050C /* NicknameCellOfPersonalView.h */,
				C4100AF65361DF5690BE9995 /* NicknameCellOfPersonalView.m */,
			);
			path = Cell;
			sourceTree = "<group>";
		};
		C4100D7D10AD46ED054DB568 /* Recommend */ = {
			isa = PBXGroup;
			children = (
				C41006F60E79B43E15FAA368 /* MusicRecommendViewController.xib */,
				C4100E25232EA8103B9408D6 /* MusicRecommendViewController.h */,
				C41009E48FE3EC446AB2CBB2 /* MusicRecommendViewController.m */,
			);
			path = Recommend;
			sourceTree = "<group>";
		};
		D54172EE4A7954FDA29A1CC3 /* Pods */ = {
			isa = PBXGroup;
			children = (
				00D5CE7EE2D37832E62C4291 /* Pods-CloudMusicFake.debug.xcconfig */,
				9751AAB9BDBC62358CE16ED5 /* Pods-CloudMusicFake.release.xcconfig */,
			);
			name = Pods;
			sourceTree = "<group>";
		};
		E2887095A298985B3761389A /* Frameworks */ = {
			isa = PBXGroup;
			children = (
				3D4323AF5BEF10AF3F4966FD /* libPods-CloudMusicFake.a */,
			);
			name = Frameworks;
			sourceTree = "<group>";
		};
		FA03D1E5208F482200F7B0F2 = {
			isa = PBXGroup;
			children = (
				FA03D1F0208F482200F7B0F2 /* CloudMusicFake */,
				FA03D20C208F482300F7B0F2 /* CloudMusicFakeTests */,
				FA03D217208F482300F7B0F2 /* CloudMusicFakeUITests */,
				FA03D1EF208F482200F7B0F2 /* Products */,
				D54172EE4A7954FDA29A1CC3 /* Pods */,
				E2887095A298985B3761389A /* Frameworks */,
			);
			sourceTree = "<group>";
		};
		FA03D1EF208F482200F7B0F2 /* Products */ = {
			isa = PBXGroup;
			children = (
				FA03D1EE208F482200F7B0F2 /* CloudMusicFake.app */,
				FA03D209208F482300F7B0F2 /* CloudMusicFakeTests.xctest */,
				FA03D214208F482300F7B0F2 /* CloudMusicFakeUITests.xctest */,
			);
			name = Products;
			sourceTree = "<group>";
		};
		FA03D1F0208F482200F7B0F2 /* CloudMusicFake */ = {
			isa = PBXGroup;
			children = (
				FA03D1F4208F482300F7B0F2 /* ViewController.h */,
				FA03D1F5208F482300F7B0F2 /* ViewController.m */,
				FA03D1F7208F482300F7B0F2 /* Main.storyboard */,
				FA03D1FD208F482300F7B0F2 /* Assets.xcassets */,
				FA03D1FF208F482300F7B0F2 /* LaunchScreen.storyboard */,
				FA03D202208F482300F7B0F2 /* Info.plist */,
				FA03D203208F482300F7B0F2 /* main.m */,
				FA03D1FA208F482300F7B0F2 /* CloudMusicFake.xcdatamodeld */,
				FA5D5BC820A7D6AB00CABDB4 /* HoldingViewController.xib */,
				C4100D7D10AD46ED054DB568 /* Recommend */,
				C4100A944759097A1ADC0F22 /* MyMusic */,
				C4100AD9EE2FFFAC4B4142AA /* MyAccount */,
				C41004D440B26914AB3EB8B4 /* SignOrLogin */,
				C4100992108F5209FF0F78F3 /* Launch */,
				C410045B39B53481B9EE758C /* PlayMusic */,
			);
			path = CloudMusicFake;
			sourceTree = "<group>";
		};
		FA03D20C208F482300F7B0F2 /* CloudMusicFakeTests */ = {
			isa = PBXGroup;
			children = (
				FA03D20D208F482300F7B0F2 /* CloudMusicFakeTests.m */,
				FA03D20F208F482300F7B0F2 /* Info.plist */,
			);
			path = CloudMusicFakeTests;
			sourceTree = "<group>";
		};
		FA03D217208F482300F7B0F2 /* CloudMusicFakeUITests */ = {
			isa = PBXGroup;
			children = (
				FA03D218208F482300F7B0F2 /* CloudMusicFakeUITests.m */,
				FA03D21A208F482300F7B0F2 /* Info.plist */,
			);
			path = CloudMusicFakeUITests;
			sourceTree = "<group>";
		};
/* End PBXGroup section */

/* Begin PBXNativeTarget section */
		FA03D1ED208F482200F7B0F2 /* CloudMusicFake */ = {
			isa = PBXNativeTarget;
			buildConfigurationList = FA03D21D208F482300F7B0F2 /* Build configuration list for PBXNativeTarget "CloudMusicFake" */;
			buildPhases = (
				E2E28D521C8F3884F43C045B /* [CP] Check Pods Manifest.lock */,
				FA03D1EA208F482200F7B0F2 /* Sources */,
				FA03D1EB208F482200F7B0F2 /* Frameworks */,
				FA03D1EC208F482200F7B0F2 /* Resources */,
				A9C8CAF7A48511CAEE105E07 /* [CP] Embed Pods Frameworks */,
				2CABFDAD5157B453EDA380C5 /* [CP] Copy Pods Resources */,
			);
			buildRules = (
			);
			dependencies = (
			);
			name = CloudMusicFake;
			productName = CloudMusicFake;
			productReference = FA03D1EE208F482200F7B0F2 /* CloudMusicFake.app */;
			productType = "com.apple.product-type.application";
		};
		FA03D208208F482300F7B0F2 /* CloudMusicFakeTests */ = {
			isa = PBXNativeTarget;
			buildConfigurationList = FA03D220208F482300F7B0F2 /* Build configuration list for PBXNativeTarget "CloudMusicFakeTests" */;
			buildPhases = (
				FA03D205208F482300F7B0F2 /* Sources */,
				FA03D206208F482300F7B0F2 /* Frameworks */,
				FA03D207208F482300F7B0F2 /* Resources */,
			);
			buildRules = (
			);
			dependencies = (
				FA03D20B208F482300F7B0F2 /* PBXTargetDependency */,
			);
			name = CloudMusicFakeTests;
			productName = CloudMusicFakeTests;
			productReference = FA03D209208F482300F7B0F2 /* CloudMusicFakeTests.xctest */;
			productType = "com.apple.product-type.bundle.unit-test";
		};
		FA03D213208F482300F7B0F2 /* CloudMusicFakeUITests */ = {
			isa = PBXNativeTarget;
			buildConfigurationList = FA03D223208F482300F7B0F2 /* Build configuration list for PBXNativeTarget "CloudMusicFakeUITests" */;
			buildPhases = (
				FA03D210208F482300F7B0F2 /* Sources */,
				FA03D211208F482300F7B0F2 /* Frameworks */,
				FA03D212208F482300F7B0F2 /* Resources */,
			);
			buildRules = (
			);
			dependencies = (
				FA03D216208F482300F7B0F2 /* PBXTargetDependency */,
			);
			name = CloudMusicFakeUITests;
			productName = CloudMusicFakeUITests;
			productReference = FA03D214208F482300F7B0F2 /* CloudMusicFakeUITests.xctest */;
			productType = "com.apple.product-type.bundle.ui-testing";
		};
/* End PBXNativeTarget section */

/* Begin PBXProject section */
		FA03D1E6208F482200F7B0F2 /* Project object */ = {
			isa = PBXProject;
			attributes = {
				LastUpgradeCheck = 0920;
				ORGANIZATIONNAME = OurEDA;
				TargetAttributes = {
					FA03D1ED208F482200F7B0F2 = {
						CreatedOnToolsVersion = 9.2;
						ProvisioningStyle = Automatic;
					};
					FA03D208208F482300F7B0F2 = {
						CreatedOnToolsVersion = 9.2;
						ProvisioningStyle = Automatic;
						TestTargetID = FA03D1ED208F482200F7B0F2;
					};
					FA03D213208F482300F7B0F2 = {
						CreatedOnToolsVersion = 9.2;
						ProvisioningStyle = Automatic;
						TestTargetID = FA03D1ED208F482200F7B0F2;
					};
				};
			};
			buildConfigurationList = FA03D1E9208F482200F7B0F2 /* Build configuration list for PBXProject "CloudMusicFake" */;
			compatibilityVersion = "Xcode 8.0";
			developmentRegion = en;
			hasScannedForEncodings = 0;
			knownRegions = (
				en,
				Base,
			);
			mainGroup = FA03D1E5208F482200F7B0F2;
			productRefGroup = FA03D1EF208F482200F7B0F2 /* Products */;
			projectDirPath = "";
			projectRoot = "";
			targets = (
				FA03D1ED208F482200F7B0F2 /* CloudMusicFake */,
				FA03D208208F482300F7B0F2 /* CloudMusicFakeTests */,
				FA03D213208F482300F7B0F2 /* CloudMusicFakeUITests */,
			);
		};
/* End PBXProject section */

/* Begin PBXResourcesBuildPhase section */
		FA03D1EC208F482200F7B0F2 /* Resources */ = {
			isa = PBXResourcesBuildPhase;
			buildActionMask = 2147483647;
			files = (
				FA03D201208F482300F7B0F2 /* LaunchScreen.storyboard in Resources */,
				FA03D1FE208F482300F7B0F2 /* Assets.xcassets in Resources */,
				FA03D1F9208F482300F7B0F2 /* Main.storyboard in Resources */,
				FA5D5BCA20A7D6AB00CABDB4 /* HoldingViewController.xib in Resources */,
				C4100E5C8A4A6AF2D8A74546 /* MusicPlayViewController.xib in Resources */,
				C4100662CF60B6D1CF6B02A0 /* MusicRecommendViewController.xib in Resources */,
			);
			runOnlyForDeploymentPostprocessing = 0;
		};
		FA03D207208F482300F7B0F2 /* Resources */ = {
			isa = PBXResourcesBuildPhase;
			buildActionMask = 2147483647;
			files = (
			);
			runOnlyForDeploymentPostprocessing = 0;
		};
		FA03D212208F482300F7B0F2 /* Resources */ = {
			isa = PBXResourcesBuildPhase;
			buildActionMask = 2147483647;
			files = (
			);
			runOnlyForDeploymentPostprocessing = 0;
		};
/* End PBXResourcesBuildPhase section */

/* Begin PBXShellScriptBuildPhase section */
		2CABFDAD5157B453EDA380C5 /* [CP] Copy Pods Resources */ = {
			isa = PBXShellScriptBuildPhase;
			buildActionMask = 2147483647;
			files = (
			);
			inputPaths = (
			);
			name = "[CP] Copy Pods Resources";
			outputPaths = (
			);
			runOnlyForDeploymentPostprocessing = 0;
			shellPath = /bin/sh;
			shellScript = "\"${SRCROOT}/Pods/Target Support Files/Pods-CloudMusicFake/Pods-CloudMusicFake-resources.sh\"\n";
			showEnvVarsInLog = 0;
		};
		A9C8CAF7A48511CAEE105E07 /* [CP] Embed Pods Frameworks */ = {
			isa = PBXShellScriptBuildPhase;
			buildActionMask = 2147483647;
			files = (
			);
			inputPaths = (
			);
			name = "[CP] Embed Pods Frameworks";
			outputPaths = (
			);
			runOnlyForDeploymentPostprocessing = 0;
			shellPath = /bin/sh;
			shellScript = "\"${SRCROOT}/Pods/Target Support Files/Pods-CloudMusicFake/Pods-CloudMusicFake-frameworks.sh\"\n";
			showEnvVarsInLog = 0;
		};
		E2E28D521C8F3884F43C045B /* [CP] Check Pods Manifest.lock */ = {
			isa = PBXShellScriptBuildPhase;
			buildActionMask = 2147483647;
			files = (
			);
			inputPaths = (
				"${PODS_PODFILE_DIR_PATH}/Podfile.lock",
				"${PODS_ROOT}/Manifest.lock",
			);
			name = "[CP] Check Pods Manifest.lock";
			outputPaths = (
				"$(DERIVED_FILE_DIR)/Pods-CloudMusicFake-checkManifestLockResult.txt",
			);
			runOnlyForDeploymentPostprocessing = 0;
			shellPath = /bin/sh;
			shellScript = "diff \"${PODS_PODFILE_DIR_PATH}/Podfile.lock\" \"${PODS_ROOT}/Manifest.lock\" > /dev/null\nif [ $? != 0 ] ; then\n    # print error to STDERR\n    echo \"error: The sandbox is not in sync with the Podfile.lock. Run 'pod install' or update your CocoaPods installation.\" >&2\n    exit 1\nfi\n# This output is used by Xcode 'outputs' to avoid re-running this script phase.\necho \"SUCCESS\" > \"${SCRIPT_OUTPUT_FILE_0}\"\n";
			showEnvVarsInLog = 0;
		};
/* End PBXShellScriptBuildPhase section */

/* Begin PBXSourcesBuildPhase section */
		FA03D1EA208F482200F7B0F2 /* Sources */ = {
			isa = PBXSourcesBuildPhase;
			buildActionMask = 2147483647;
			files = (
				FA03D1FC208F482300F7B0F2 /* CloudMusicFake.xcdatamodeld in Sources */,
				FA03D1F6208F482300F7B0F2 /* ViewController.m in Sources */,
				FA03D204208F482300F7B0F2 /* main.m in Sources */,
				C4100D57425D86F65C948BFB /* AppDelegate.m in Sources */,
				C4100CC01A5B5118F271FE26 /* MusicPlayViewController.m in Sources */,
				C4100C6CB0BCED3CF70E9344 /* MusicRecommendViewController.m in Sources */,
				C4100216F0BE2F345292636C /* PersonalViewController.m in Sources */,
				C4100DB6E64098D27526F8B1 /* SignUpViewController.m in Sources */,
				C41004077B30FAC958A273D3 /* LoginViewController.m in Sources */,
				C4100AF95F34014304254149 /* LogOrSignViewController.m in Sources */,
				C410013AF8F7300F65A275CB /* HoldingViewController.m in Sources */,
				C4100F3E6A7E0132F324F497 /* MusicCellOfMyCollectionView.m in Sources */,
				C41001DE933C8BE9FD75F8F5 /* MyMusicViewController.m in Sources */,
				C41001AD6B169DF8C3937458 /* MyCollectionViewController.m in Sources */,
				C41000B8893F78346CA0310B /* OneCell.m in Sources */,
				C4100AE3A943DD50050B831F /* HeadpicCellOfPersonalView.m in Sources */,
				C4100B4BEE5F0725F1226A41 /* NicknameCellOfPersonalView.m in Sources */,
				C41005D1D24DD4D19FA63250 /* EditViewController.m in Sources */,
			);
			runOnlyForDeploymentPostprocessing = 0;
		};
		FA03D205208F482300F7B0F2 /* Sources */ = {
			isa = PBXSourcesBuildPhase;
			buildActionMask = 2147483647;
			files = (
				FA03D20E208F482300F7B0F2 /* CloudMusicFakeTests.m in Sources */,
			);
			runOnlyForDeploymentPostprocessing = 0;
		};
		FA03D210208F482300F7B0F2 /* Sources */ = {
			isa = PBXSourcesBuildPhase;
			buildActionMask = 2147483647;
			files = (
				FA03D219208F482300F7B0F2 /* CloudMusicFakeUITests.m in Sources */,
			);
			runOnlyForDeploymentPostprocessing = 0;
		};
/* End PBXSourcesBuildPhase section */

/* Begin PBXTargetDependency section */
		FA03D20B208F482300F7B0F2 /* PBXTargetDependency */ = {
			isa = PBXTargetDependency;
			target = FA03D1ED208F482200F7B0F2 /* CloudMusicFake */;
			targetProxy = FA03D20A208F482300F7B0F2 /* PBXContainerItemProxy */;
		};
		FA03D216208F482300F7B0F2 /* PBXTargetDependency */ = {
			isa = PBXTargetDependency;
			target = FA03D1ED208F482200F7B0F2 /* CloudMusicFake */;
			targetProxy = FA03D215208F482300F7B0F2 /* PBXContainerItemProxy */;
		};
/* End PBXTargetDependency section */

/* Begin PBXVariantGroup section */
		FA03D1F7208F482300F7B0F2 /* Main.storyboard */ = {
			isa = PBXVariantGroup;
			children = (
				FA03D1F8208F482300F7B0F2 /* Base */,
			);
			name = Main.storyboard;
			sourceTree = "<group>";
		};
		FA03D1FF208F482300F7B0F2 /* LaunchScreen.storyboard */ = {
			isa = PBXVariantGroup;
			children = (
				FA03D200208F482300F7B0F2 /* Base */,
			);
			name = LaunchScreen.storyboard;
			sourceTree = "<group>";
		};
/* End PBXVariantGroup section */

/* Begin XCBuildConfiguration section */
		FA03D21B208F482300F7B0F2 /* Debug */ = {
			isa = XCBuildConfiguration;
			buildSettings = {
				ALWAYS_SEARCH_USER_PATHS = NO;
				CLANG_ANALYZER_NONNULL = YES;
				CLANG_ANALYZER_NUMBER_OBJECT_CONVERSION = YES_AGGRESSIVE;
				CLANG_CXX_LANGUAGE_STANDARD = "gnu++14";
				CLANG_CXX_LIBRARY = "libc++";
				CLANG_ENABLE_MODULES = YES;
				CLANG_ENABLE_OBJC_ARC = YES;
				CLANG_WARN_BLOCK_CAPTURE_AUTORELEASING = YES;
				CLANG_WARN_BOOL_CONVERSION = YES;
				CLANG_WARN_COMMA = YES;
				CLANG_WARN_CONSTANT_CONVERSION = YES;
				CLANG_WARN_DIRECT_OBJC_ISA_USAGE = YES_ERROR;
				CLANG_WARN_DOCUMENTATION_COMMENTS = YES;
				CLANG_WARN_EMPTY_BODY = YES;
				CLANG_WARN_ENUM_CONVERSION = YES;
				CLANG_WARN_INFINITE_RECURSION = YES;
				CLANG_WARN_INT_CONVERSION = YES;
				CLANG_WARN_NON_LITERAL_NULL_CONVERSION = YES;
				CLANG_WARN_OBJC_LITERAL_CONVERSION = YES;
				CLANG_WARN_OBJC_ROOT_CLASS = YES_ERROR;
				CLANG_WARN_RANGE_LOOP_ANALYSIS = YES;
				CLANG_WARN_STRICT_PROTOTYPES = YES;
				CLANG_WARN_SUSPICIOUS_MOVE = YES;
				CLANG_WARN_UNGUARDED_AVAILABILITY = YES_AGGRESSIVE;
				CLANG_WARN_UNREACHABLE_CODE = YES;
				CLANG_WARN__DUPLICATE_METHOD_MATCH = YES;
				CODE_SIGN_IDENTITY = "iPhone Developer";
				COPY_PHASE_STRIP = NO;
				DEBUG_INFORMATION_FORMAT = dwarf;
				ENABLE_STRICT_OBJC_MSGSEND = YES;
				ENABLE_TESTABILITY = YES;
				GCC_C_LANGUAGE_STANDARD = gnu11;
				GCC_DYNAMIC_NO_PIC = NO;
				GCC_NO_COMMON_BLOCKS = YES;
				GCC_OPTIMIZATION_LEVEL = 0;
				GCC_PREPROCESSOR_DEFINITIONS = (
					"DEBUG=1",
					"$(inherited)",
				);
				GCC_WARN_64_TO_32_BIT_CONVERSION = YES;
				GCC_WARN_ABOUT_RETURN_TYPE = YES_ERROR;
				GCC_WARN_UNDECLARED_SELECTOR = YES;
				GCC_WARN_UNINITIALIZED_AUTOS = YES_AGGRESSIVE;
				GCC_WARN_UNUSED_FUNCTION = YES;
				GCC_WARN_UNUSED_VARIABLE = YES;
				IPHONEOS_DEPLOYMENT_TARGET = 11.2;
				MTL_ENABLE_DEBUG_INFO = YES;
				ONLY_ACTIVE_ARCH = YES;
				SDKROOT = iphoneos;
			};
			name = Debug;
		};
		FA03D21C208F482300F7B0F2 /* Release */ = {
			isa = XCBuildConfiguration;
			buildSettings = {
				ALWAYS_SEARCH_USER_PATHS = NO;
				CLANG_ANALYZER_NONNULL = YES;
				CLANG_ANALYZER_NUMBER_OBJECT_CONVERSION = YES_AGGRESSIVE;
				CLANG_CXX_LANGUAGE_STANDARD = "gnu++14";
				CLANG_CXX_LIBRARY = "libc++";
				CLANG_ENABLE_MODULES = YES;
				CLANG_ENABLE_OBJC_ARC = YES;
				CLANG_WARN_BLOCK_CAPTURE_AUTORELEASING = YES;
				CLANG_WARN_BOOL_CONVERSION = YES;
				CLANG_WARN_COMMA = YES;
				CLANG_WARN_CONSTANT_CONVERSION = YES;
				CLANG_WARN_DIRECT_OBJC_ISA_USAGE = YES_ERROR;
				CLANG_WARN_DOCUMENTATION_COMMENTS = YES;
				CLANG_WARN_EMPTY_BODY = YES;
				CLANG_WARN_ENUM_CONVERSION = YES;
				CLANG_WARN_INFINITE_RECURSION = YES;
				CLANG_WARN_INT_CONVERSION = YES;
				CLANG_WARN_NON_LITERAL_NULL_CONVERSION = YES;
				CLANG_WARN_OBJC_LITERAL_CONVERSION = YES;
				CLANG_WARN_OBJC_ROOT_CLASS = YES_ERROR;
				CLANG_WARN_RANGE_LOOP_ANALYSIS = YES;
				CLANG_WARN_STRICT_PROTOTYPES = YES;
				CLANG_WARN_SUSPICIOUS_MOVE = YES;
				CLANG_WARN_UNGUARDED_AVAILABILITY = YES_AGGRESSIVE;
				CLANG_WARN_UNREACHABLE_CODE = YES;
				CLANG_WARN__DUPLICATE_METHOD_MATCH = YES;
				CODE_SIGN_IDENTITY = "iPhone Developer";
				COPY_PHASE_STRIP = NO;
				DEBUG_INFORMATION_FORMAT = "dwarf-with-dsym";
				ENABLE_NS_ASSERTIONS = NO;
				ENABLE_STRICT_OBJC_MSGSEND = YES;
				GCC_C_LANGUAGE_STANDARD = gnu11;
				GCC_NO_COMMON_BLOCKS = YES;
				GCC_WARN_64_TO_32_BIT_CONVERSION = YES;
				GCC_WARN_ABOUT_RETURN_TYPE = YES_ERROR;
				GCC_WARN_UNDECLARED_SELECTOR = YES;
				GCC_WARN_UNINITIALIZED_AUTOS = YES_AGGRESSIVE;
				GCC_WARN_UNUSED_FUNCTION = YES;
				GCC_WARN_UNUSED_VARIABLE = YES;
				IPHONEOS_DEPLOYMENT_TARGET = 11.2;
				MTL_ENABLE_DEBUG_INFO = NO;
				SDKROOT = iphoneos;
				VALIDATE_PRODUCT = YES;
			};
			name = Release;
		};
		FA03D21E208F482300F7B0F2 /* Debug */ = {
			isa = XCBuildConfiguration;
			baseConfigurationReference = 00D5CE7EE2D37832E62C4291 /* Pods-CloudMusicFake.debug.xcconfig */;
			buildSettings = {
				ASSETCATALOG_COMPILER_APPICON_NAME = AppIcon;
				ASSETCATALOG_COMPILER_LAUNCHIMAGE_NAME = LaunchImage;
				CODE_SIGN_STYLE = Automatic;
				INFOPLIST_FILE = CloudMusicFake/Info.plist;
				LD_RUNPATH_SEARCH_PATHS = "$(inherited) @executable_path/Frameworks";
				PRODUCT_BUNDLE_IDENTIFIER = com.tingalex.CloudMusicFake;
				PRODUCT_NAME = "$(TARGET_NAME)";
				TARGETED_DEVICE_FAMILY = 1;
			};
			name = Debug;
		};
		FA03D21F208F482300F7B0F2 /* Release */ = {
			isa = XCBuildConfiguration;
			baseConfigurationReference = 9751AAB9BDBC62358CE16ED5 /* Pods-CloudMusicFake.release.xcconfig */;
			buildSettings = {
				ASSETCATALOG_COMPILER_APPICON_NAME = AppIcon;
				ASSETCATALOG_COMPILER_LAUNCHIMAGE_NAME = LaunchImage;
				CODE_SIGN_STYLE = Automatic;
				INFOPLIST_FILE = CloudMusicFake/Info.plist;
				LD_RUNPATH_SEARCH_PATHS = "$(inherited) @executable_path/Frameworks";
				PRODUCT_BUNDLE_IDENTIFIER = com.tingalex.CloudMusicFake;
				PRODUCT_NAME = "$(TARGET_NAME)";
				TARGETED_DEVICE_FAMILY = 1;
			};
			name = Release;
		};
		FA03D221208F482300F7B0F2 /* Debug */ = {
			isa = XCBuildConfiguration;
			buildSettings = {
				BUNDLE_LOADER = "$(TEST_HOST)";
				CODE_SIGN_STYLE = Automatic;
				INFOPLIST_FILE = CloudMusicFakeTests/Info.plist;
				LD_RUNPATH_SEARCH_PATHS = "$(inherited) @executable_path/Frameworks @loader_path/Frameworks";
				PRODUCT_BUNDLE_IDENTIFIER = com.tingalex.CloudMusicFakeTests;
				PRODUCT_NAME = "$(TARGET_NAME)";
				TARGETED_DEVICE_FAMILY = "1,2";
				TEST_HOST = "$(BUILT_PRODUCTS_DIR)/CloudMusicFake.app/CloudMusicFake";
			};
			name = Debug;
		};
		FA03D222208F482300F7B0F2 /* Release */ = {
			isa = XCBuildConfiguration;
			buildSettings = {
				BUNDLE_LOADER = "$(TEST_HOST)";
				CODE_SIGN_STYLE = Automatic;
				INFOPLIST_FILE = CloudMusicFakeTests/Info.plist;
				LD_RUNPATH_SEARCH_PATHS = "$(inherited) @executable_path/Frameworks @loader_path/Frameworks";
				PRODUCT_BUNDLE_IDENTIFIER = com.tingalex.CloudMusicFakeTests;
				PRODUCT_NAME = "$(TARGET_NAME)";
				TARGETED_DEVICE_FAMILY = "1,2";
				TEST_HOST = "$(BUILT_PRODUCTS_DIR)/CloudMusicFake.app/CloudMusicFake";
			};
			name = Release;
		};
		FA03D224208F482300F7B0F2 /* Debug */ = {
			isa = XCBuildConfiguration;
			buildSettings = {
				CODE_SIGN_STYLE = Automatic;
				INFOPLIST_FILE = CloudMusicFakeUITests/Info.plist;
				LD_RUNPATH_SEARCH_PATHS = "$(inherited) @executable_path/Frameworks @loader_path/Frameworks";
				PRODUCT_BUNDLE_IDENTIFIER = com.tingalex.CloudMusicFakeUITests;
				PRODUCT_NAME = "$(TARGET_NAME)";
				TARGETED_DEVICE_FAMILY = "1,2";
				TEST_TARGET_NAME = CloudMusicFake;
			};
			name = Debug;
		};
		FA03D225208F482300F7B0F2 /* Release */ = {
			isa = XCBuildConfiguration;
			buildSettings = {
				CODE_SIGN_STYLE = Automatic;
				INFOPLIST_FILE = CloudMusicFakeUITests/Info.plist;
				LD_RUNPATH_SEARCH_PATHS = "$(inherited) @executable_path/Frameworks @loader_path/Frameworks";
				PRODUCT_BUNDLE_IDENTIFIER = com.tingalex.CloudMusicFakeUITests;
				PRODUCT_NAME = "$(TARGET_NAME)";
				TARGETED_DEVICE_FAMILY = "1,2";
				TEST_TARGET_NAME = CloudMusicFake;
			};
			name = Release;
		};
/* End XCBuildConfiguration section */

/* Begin XCConfigurationList section */
		FA03D1E9208F482200F7B0F2 /* Build configuration list for PBXProject "CloudMusicFake" */ = {
			isa = XCConfigurationList;
			buildConfigurations = (
				FA03D21B208F482300F7B0F2 /* Debug */,
				FA03D21C208F482300F7B0F2 /* Release */,
			);
			defaultConfigurationIsVisible = 0;
			defaultConfigurationName = Release;
		};
		FA03D21D208F482300F7B0F2 /* Build configuration list for PBXNativeTarget "CloudMusicFake" */ = {
			isa = XCConfigurationList;
			buildConfigurations = (
				FA03D21E208F482300F7B0F2 /* Debug */,
				FA03D21F208F482300F7B0F2 /* Release */,
			);
			defaultConfigurationIsVisible = 0;
			defaultConfigurationName = Release;
		};
		FA03D220208F482300F7B0F2 /* Build configuration list for PBXNativeTarget "CloudMusicFakeTests" */ = {
			isa = XCConfigurationList;
			buildConfigurations = (
				FA03D221208F482300F7B0F2 /* Debug */,
				FA03D222208F482300F7B0F2 /* Release */,
			);
			defaultConfigurationIsVisible = 0;
			defaultConfigurationName = Release;
		};
		FA03D223208F482300F7B0F2 /* Build configuration list for PBXNativeTarget "CloudMusicFakeUITests" */ = {
			isa = XCConfigurationList;
			buildConfigurations = (
				FA03D224208F482300F7B0F2 /* Debug */,
				FA03D225208F482300F7B0F2 /* Release */,
			);
			defaultConfigurationIsVisible = 0;
			defaultConfigurationName = Release;
		};
/* End XCConfigurationList section */

/* Begin XCVersionGroup section */
		FA03D1FA208F482300F7B0F2 /* CloudMusicFake.xcdatamodeld */ = {
			isa = XCVersionGroup;
			children = (
				FA03D1FB208F482300F7B0F2 /* CloudMusicFake.xcdatamodel */,
			);
			currentVersion = FA03D1FB208F482300F7B0F2 /* CloudMusicFake.xcdatamodel */;
			path = CloudMusicFake.xcdatamodeld;
			sourceTree = "<group>";
			versionGroupType = wrapper.xcdatamodel;
		};
/* End XCVersionGroup section */
	};
	rootObject = FA03D1E6208F482200F7B0F2 /* Project object */;
}
